
Microsoft Visual Studio Solution File, Format Version 12.00
# Visual Studio Version 17
VisualStudioVersion = 17.10.35013.160
MinimumVisualStudioVersion = 10.0.40219.1
Project("{FAE04EC0-301F-11D3-BF4B-00C04F79EFBC}") = "KinoApp", "KinoApp\KinoApp.csproj", "{41170CDA-C29B-4859-BE50-5B31AA9ACB8E}"
EndProject
Project("{FAE04EC0-301F-11D3-BF4B-00C04F79EFBC}") = "KinoApiWrapper", "KinoApiWrapper\KinoApiWrapper.csproj", "{D8DF4D5F-7310-4ABB-9C85-C2C2833C0FC3}"
EndProject
Project("{FAE04EC0-301F-11D3-BF4B-00C04F79EFBC}") = "KinoApiCache", "KinoApiCache\KinoApiCache.csproj", "{0ABF3310-05CB-497A-A2D7-0B7B2D11530D}"
EndProject
Project("{FAE04EC0-301F-11D3-BF4B-00C04F79EFBC}") = "KinoDataProvider", "KinoDataProvider\KinoDataProvider.csproj", "{A1C5D5F2-D7EC-414D-9917-C10AAC0B468C}"
EndProject
Project("{FAE04EC0-301F-11D3-BF4B-00C04F79EFBC}") = "KinoTypes", "KinoTypes\KinoTypes.csproj", "{36B2E971-7C1D-49F3-A25E-16AF5D5916D7}"
EndProject
Global
	GlobalSection(SolutionConfigurationPlatforms) = preSolution
		Debug|Any CPU = Debug|Any CPU
		Debug|ARM = Debug|ARM
		Debug|ARM64 = Debug|ARM64
		Debug|x64 = Debug|x64
		Debug|x86 = Debug|x86
		Release|Any CPU = Release|Any CPU
		Release|ARM = Release|ARM
		Release|ARM64 = Release|ARM64
		Release|x64 = Release|x64
		Release|x86 = Release|x86
	EndGlobalSection
	GlobalSection(ProjectConfigurationPlatforms) = postSolution
		{41170CDA-C29B-4859-BE50-5B31AA9ACB8E}.Debug|Any CPU.ActiveCfg = Debug|x64
		{41170CDA-C29B-4859-BE50-5B31AA9ACB8E}.Debug|Any CPU.Build.0 = Debug|x64
		{41170CDA-C29B-4859-BE50-5B31AA9ACB8E}.Debug|Any CPU.Deploy.0 = Debug|x64
		{41170CDA-C29B-4859-BE50-5B31AA9ACB8E}.Debug|ARM.ActiveCfg = Debug|ARM
		{41170CDA-C29B-4859-BE50-5B31AA9ACB8E}.Debug|ARM.Build.0 = Debug|ARM
		{41170CDA-C29B-4859-BE50-5B31AA9ACB8E}.Debug|ARM.Deploy.0 = Debug|ARM
		{41170CDA-C29B-4859-BE50-5B31AA9ACB8E}.Debug|ARM64.ActiveCfg = Debug|ARM64
		{41170CDA-C29B-4859-BE50-5B31AA9ACB8E}.Debug|ARM64.Build.0 = Debug|ARM64
		{41170CDA-C29B-4859-BE50-5B31AA9ACB8E}.Debug|ARM64.Deploy.0 = Debug|ARM64
		{41170CDA-C29B-4859-BE50-5B31AA9ACB8E}.Debug|x64.ActiveCfg = Debug|x64
		{41170CDA-C29B-4859-BE50-5B31AA9ACB8E}.Debug|x64.Build.0 = Debug|x64
		{41170CDA-C29B-4859-BE50-5B31AA9ACB8E}.Debug|x64.Deploy.0 = Debug|x64
		{41170CDA-C29B-4859-BE50-5B31AA9ACB8E}.Debug|x86.ActiveCfg = Debug|x86
		{41170CDA-C29B-4859-BE50-5B31AA9ACB8E}.Debug|x86.Build.0 = Debug|x86
		{41170CDA-C29B-4859-BE50-5B31AA9ACB8E}.Debug|x86.Deploy.0 = Debug|x86
		{41170CDA-C29B-4859-BE50-5B31AA9ACB8E}.Release|Any CPU.ActiveCfg = Release|x64
		{41170CDA-C29B-4859-BE50-5B31AA9ACB8E}.Release|Any CPU.Build.0 = Release|x64
		{41170CDA-C29B-4859-BE50-5B31AA9ACB8E}.Release|Any CPU.Deploy.0 = Release|x64
		{41170CDA-C29B-4859-BE50-5B31AA9ACB8E}.Release|ARM.ActiveCfg = Release|ARM
		{41170CDA-C29B-4859-BE50-5B31AA9ACB8E}.Release|ARM.Build.0 = Release|ARM
		{41170CDA-C29B-4859-BE50-5B31AA9ACB8E}.Release|ARM.Deploy.0 = Release|ARM
		{41170CDA-C29B-4859-BE50-5B31AA9ACB8E}.Release|ARM64.ActiveCfg = Release|ARM64
		{41170CDA-C29B-4859-BE50-5B31AA9ACB8E}.Release|ARM64.Build.0 = Release|ARM64
		{41170CDA-C29B-4859-BE50-5B31AA9ACB8E}.Release|ARM64.Deploy.0 = Release|ARM64
		{41170CDA-C29B-4859-BE50-5B31AA9ACB8E}.Release|x64.ActiveCfg = Release|x64
		{41170CDA-C29B-4859-BE50-5B31AA9ACB8E}.Release|x64.Build.0 = Release|x64
		{41170CDA-C29B-4859-BE50-5B31AA9ACB8E}.Release|x64.Deploy.0 = Release|x64
		{41170CDA-C29B-4859-BE50-5B31AA9ACB8E}.Release|x86.ActiveCfg = Release|x86
		{41170CDA-C29B-4859-BE50-5B31AA9ACB8E}.Release|x86.Build.0 = Release|x86
		{41170CDA-C29B-4859-BE50-5B31AA9ACB8E}.Release|x86.Deploy.0 = Release|x86
		{D8DF4D5F-7310-4ABB-9C85-C2C2833C0FC3}.Debug|Any CPU.ActiveCfg = Debug|Any CPU
		{D8DF4D5F-7310-4ABB-9C85-C2C2833C0FC3}.Debug|Any CPU.Build.0 = Debug|Any CPU
		{D8DF4D5F-7310-4ABB-9C85-C2C2833C0FC3}.Debug|ARM.ActiveCfg = Debug|ARM
		{D8DF4D5F-7310-4ABB-9C85-C2C2833C0FC3}.Debug|ARM.Build.0 = Debug|ARM
		{D8DF4D5F-7310-4ABB-9C85-C2C2833C0FC3}.Debug|ARM64.ActiveCfg = Debug|ARM64
		{D8DF4D5F-7310-4ABB-9C85-C2C2833C0FC3}.Debug|ARM64.Build.0 = Debug|ARM64
		{D8DF4D5F-7310-4ABB-9C85-C2C2833C0FC3}.Debug|x64.ActiveCfg = Debug|x64
		{D8DF4D5F-7310-4ABB-9C85-C2C2833C0FC3}.Debug|x64.Build.0 = Debug|x64
		{D8DF4D5F-7310-4ABB-9C85-C2C2833C0FC3}.Debug|x86.ActiveCfg = Debug|x86
		{D8DF4D5F-7310-4ABB-9C85-C2C2833C0FC3}.Debug|x86.Build.0 = Debug|x86
		{D8DF4D5F-7310-4ABB-9C85-C2C2833C0FC3}.Release|Any CPU.ActiveCfg = Release|Any CPU
		{D8DF4D5F-7310-4ABB-9C85-C2C2833C0FC3}.Release|Any CPU.Build.0 = Release|Any CPU
		{D8DF4D5F-7310-4ABB-9C85-C2C2833C0FC3}.Release|ARM.ActiveCfg = Release|ARM
		{D8DF4D5F-7310-4ABB-9C85-C2C2833C0FC3}.Release|ARM.Build.0 = Release|ARM
		{D8DF4D5F-7310-4ABB-9C85-C2C2833C0FC3}.Release|ARM64.ActiveCfg = Release|ARM64
		{D8DF4D5F-7310-4ABB-9C85-C2C2833C0FC3}.Release|ARM64.Build.0 = Release|ARM64
		{D8DF4D5F-7310-4ABB-9C85-C2C2833C0FC3}.Release|x64.ActiveCfg = Release|x64
		{D8DF4D5F-7310-4ABB-9C85-C2C2833C0FC3}.Release|x64.Build.0 = Release|x64
		{D8DF4D5F-7310-4ABB-9C85-C2C2833C0FC3}.Release|x86.ActiveCfg = Release|x86
		{D8DF4D5F-7310-4ABB-9C85-C2C2833C0FC3}.Release|x86.Build.0 = Release|x86
		{0ABF3310-05CB-497A-A2D7-0B7B2D11530D}.Debug|Any CPU.ActiveCfg = Debug|Any CPU
		{0ABF3310-05CB-497A-A2D7-0B7B2D11530D}.Debug|Any CPU.Build.0 = Debug|Any CPU
		{0ABF3310-05CB-497A-A2D7-0B7B2D11530D}.Debug|ARM.ActiveCfg = Debug|ARM
		{0ABF3310-05CB-497A-A2D7-0B7B2D11530D}.Debug|ARM.Build.0 = Debug|ARM
		{0ABF3310-05CB-497A-A2D7-0B7B2D11530D}.Debug|ARM64.ActiveCfg = Debug|ARM64
		{0ABF3310-05CB-497A-A2D7-0B7B2D11530D}.Debug|ARM64.Build.0 = Debug|ARM64
		{0ABF3310-05CB-497A-A2D7-0B7B2D11530D}.Debug|x64.ActiveCfg = Debug|x64
		{0ABF3310-05CB-497A-A2D7-0B7B2D11530D}.Debug|x64.Build.0 = Debug|x64
		{0ABF3310-05CB-497A-A2D7-0B7B2D11530D}.Debug|x86.ActiveCfg = Debug|x86
		{0ABF3310-05CB-497A-A2D7-0B7B2D11530D}.Debug|x86.Build.0 = Debug|x86
		{0ABF3310-05CB-497A-A2D7-0B7B2D11530D}.Release|Any CPU.ActiveCfg = Release|Any CPU
		{0ABF3310-05CB-497A-A2D7-0B7B2D11530D}.Release|Any CPU.Build.0 = Release|Any CPU
		{0ABF3310-05CB-497A-A2D7-0B7B2D11530D}.Release|ARM.ActiveCfg = Release|ARM
		{0ABF3310-05CB-497A-A2D7-0B7B2D11530D}.Release|ARM.Build.0 = Release|ARM
		{0ABF3310-05CB-497A-A2D7-0B7B2D11530D}.Release|ARM64.ActiveCfg = Release|ARM64
		{0ABF3310-05CB-497A-A2D7-0B7B2D11530D}.Release|ARM64.Build.0 = Release|ARM64
		{0ABF3310-05CB-497A-A2D7-0B7B2D11530D}.Release|x64.ActiveCfg = Release|x64
		{0ABF3310-05CB-497A-A2D7-0B7B2D11530D}.Release|x64.Build.0 = Release|x64
		{0ABF3310-05CB-497A-A2D7-0B7B2D11530D}.Release|x86.ActiveCfg = Release|x86
		{0ABF3310-05CB-497A-A2D7-0B7B2D11530D}.Release|x86.Build.0 = Release|x86
		{A1C5D5F2-D7EC-414D-9917-C10AAC0B468C}.Debug|Any CPU.ActiveCfg = Debug|Any CPU
		{A1C5D5F2-D7EC-414D-9917-C10AAC0B468C}.Debug|Any CPU.Build.0 = Debug|Any CPU
		{A1C5D5F2-D7EC-414D-9917-C10AAC0B468C}.Debug|ARM.ActiveCfg = Debug|ARM
		{A1C5D5F2-D7EC-414D-9917-C10AAC0B468C}.Debug|ARM.Build.0 = Debug|ARM
		{A1C5D5F2-D7EC-414D-9917-C10AAC0B468C}.Debug|ARM64.ActiveCfg = Debug|ARM64
		{A1C5D5F2-D7EC-414D-9917-C10AAC0B468C}.Debug|ARM64.Build.0 = Debug|ARM64
		{A1C5D5F2-D7EC-414D-9917-C10AAC0B468C}.Debug|x64.ActiveCfg = Debug|x64
		{A1C5D5F2-D7EC-414D-9917-C10AAC0B468C}.Debug|x64.Build.0 = Debug|x64
		{A1C5D5F2-D7EC-414D-9917-C10AAC0B468C}.Debug|x86.ActiveCfg = Debug|x86
		{A1C5D5F2-D7EC-414D-9917-C10AAC0B468C}.Debug|x86.Build.0 = Debug|x86
		{A1C5D5F2-D7EC-414D-9917-C10AAC0B468C}.Release|Any CPU.ActiveCfg = Release|Any CPU
		{A1C5D5F2-D7EC-414D-9917-C10AAC0B468C}.Release|Any CPU.Build.0 = Release|Any CPU
		{A1C5D5F2-D7EC-414D-9917-C10AAC0B468C}.Release|ARM.ActiveCfg = Release|ARM
		{A1C5D5F2-D7EC-414D-9917-C10AAC0B468C}.Release|ARM.Build.0 = Release|ARM
		{A1C5D5F2-D7EC-414D-9917-C10AAC0B468C}.Release|ARM64.ActiveCfg = Release|ARM64
		{A1C5D5F2-D7EC-414D-9917-C10AAC0B468C}.Release|ARM64.Build.0 = Release|ARM64
		{A1C5D5F2-D7EC-414D-9917-C10AAC0B468C}.Release|x64.ActiveCfg = Release|x64
		{A1C5D5F2-D7EC-414D-9917-C10AAC0B468C}.Release|x64.Build.0 = Release|x64
		{A1C5D5F2-D7EC-414D-9917-C10AAC0B468C}.Release|x86.ActiveCfg = Release|x86
		{A1C5D5F2-D7EC-414D-9917-C10AAC0B468C}.Release|x86.Build.0 = Release|x86
		{36B2E971-7C1D-49F3-A25E-16AF5D5916D7}.Debug|Any CPU.ActiveCfg = Debug|Any CPU
		{36B2E971-7C1D-49F3-A25E-16AF5D5916D7}.Debug|Any CPU.Build.0 = Debug|Any CPU
		{36B2E971-7C1D-49F3-A25E-16AF5D5916D7}.Debug|ARM.ActiveCfg = Debug|ARM
		{36B2E971-7C1D-49F3-A25E-16AF5D5916D7}.Debug|ARM.Build.0 = Debug|ARM
		{36B2E971-7C1D-49F3-A25E-16AF5D5916D7}.Debug|ARM64.ActiveCfg = Debug|ARM64
		{36B2E971-7C1D-49F3-A25E-16AF5D5916D7}.Debug|ARM64.Build.0 = Debug|ARM64
		{36B2E971-7C1D-49F3-A25E-16AF5D5916D7}.Debug|x64.ActiveCfg = Debug|x64
		{36B2E971-7C1D-49F3-A25E-16AF5D5916D7}.Debug|x64.Build.0 = Debug|x64
		{36B2E971-7C1D-49F3-A25E-16AF5D5916D7}.Debug|x86.ActiveCfg = Debug|x86
		{36B2E971-7C1D-49F3-A25E-16AF5D5916D7}.Debug|x86.Build.0 = Debug|x86
		{36B2E971-7C1D-49F3-A25E-16AF5D5916D7}.Release|Any CPU.ActiveCfg = Release|Any CPU
		{36B2E971-7C1D-49F3-A25E-16AF5D5916D7}.Release|Any CPU.Build.0 = Release|Any CPU
		{36B2E971-7C1D-49F3-A25E-16AF5D5916D7}.Release|ARM.ActiveCfg = Release|ARM
		{36B2E971-7C1D-49F3-A25E-16AF5D5916D7}.Release|ARM.Build.0 = Release|ARM
		{36B2E971-7C1D-49F3-A25E-16AF5D5916D7}.Release|ARM64.ActiveCfg = Release|ARM64
		{36B2E971-7C1D-49F3-A25E-16AF5D5916D7}.Release|ARM64.Build.0 = Release|ARM64
		{36B2E971-7C1D-49F3-A25E-16AF5D5916D7}.Release|x64.ActiveCfg = Release|x64
		{36B2E971-7C1D-49F3-A25E-16AF5D5916D7}.Release|x64.Build.0 = Release|x64
		{36B2E971-7C1D-49F3-A25E-16AF5D5916D7}.Release|x86.ActiveCfg = Release|x86
		{36B2E971-7C1D-49F3-A25E-16AF5D5916D7}.Release|x86.Build.0 = Release|x86
	EndGlobalSection
	GlobalSection(SolutionProperties) = preSolution
		HideSolutionNode = FALSE
	EndGlobalSection
	GlobalSection(ExtensibilityGlobals) = postSolution
		SolutionGuid = {97D9D103-0C69-4F27-AC08-2273DDD0B648}
	EndGlobalSection
EndGlobal
